// !$*UTF8*$!
{
	archiveVersion = 1;
	classes = {
	};
	objectVersion = 50;
	objects = {

/* Begin PBXBuildFile section */
		97FACE4D2813E6760019798B /* AppDelegate.swift in Sources */ = {isa = PBXBuildFile; fileRef = 97FACE4C2813E6760019798B /* AppDelegate.swift */; };
		97FACE4F2813E6760019798B /* SceneDelegate.swift in Sources */ = {isa = PBXBuildFile; fileRef = 97FACE4E2813E6760019798B /* SceneDelegate.swift */; };
		97FACE512813E6760019798B /* ViewController.swift in Sources */ = {isa = PBXBuildFile; fileRef = 97FACE502813E6760019798B /* ViewController.swift */; };
		97FACE542813E6760019798B /* Main.storyboard in Resources */ = {isa = PBXBuildFile; fileRef = 97FACE522813E6760019798B /* Main.storyboard */; };
		97FACE562813E6780019798B /* Assets.xcassets in Resources */ = {isa = PBXBuildFile; fileRef = 97FACE552813E6780019798B /* Assets.xcassets */; };
		97FACE592813E6780019798B /* LaunchScreen.storyboard in Resources */ = {isa = PBXBuildFile; fileRef = 97FACE572813E6780019798B /* LaunchScreen.storyboard */; };
		97FACE632813E7780019798B /* recipetypes.xml in Resources */ = {isa = PBXBuildFile; fileRef = 97FACE622813E7780019798B /* recipetypes.xml */; };
/* End PBXBuildFile section */

/* Begin PBXFileReference section */
		97FACE492813E6760019798B /* Recipe_JuneJin.app */ = {isa = PBXFileReference; explicitFileType = wrapper.application; includeInIndex = 0; path = Recipe_JuneJin.app; sourceTree = BUILT_PRODUCTS_DIR; };
		97FACE4C2813E6760019798B /* AppDelegate.swift */ = {isa = PBXFileReference; lastKnownFileType = sourcecode.swift; path = AppDelegate.swift; sourceTree = "<group>"; };
		97FACE4E2813E6760019798B /* SceneDelegate.swift */ = {isa = PBXFileReference; lastKnownFileType = sourcecode.swift; path = SceneDelegate.swift; sourceTree = "<group>"; };
		97FACE502813E6760019798B /* ViewController.swift */ = {isa = PBXFileReference; lastKnownFileType = sourcecode.swift; path = ViewController.swift; sourceTree = "<group>"; };
		97FACE532813E6760019798B /* Base */ = {isa = PBXFileReference; lastKnownFileType = file.storyboard; name = Base; path = Base.lproj/Main.storyboard; sourceTree = "<group>"; };
		97FACE552813E6780019798B /* Assets.xcassets */ = {isa = PBXFileReference; lastKnownFileType = folder.assetcatalog; path = Assets.xcassets; sourceTree = "<group>"; };
		97FACE582813E6780019798B /* Base */ = {isa = PBXFileReference; lastKnownFileType = file.storyboard; name = Base; path = Base.lproj/LaunchScreen.storyboard; sourceTree = "<group>"; };
		97FACE5A2813E6780019798B /* Info.plist */ = {isa = PBXFileReference; lastKnownFileType = text.plist.xml; path = Info.plist; sourceTree = "<group>"; };
		97FACE622813E7780019798B /* recipetypes.xml */ = {isa = PBXFileReference; fileEncoding = 4; lastKnownFileType = text.xml; path = recipetypes.xml; sourceTree = "<group>"; };
/* End PBXFileReference section */

/* Begin PBXFrameworksBuildPhase section */
		97FACE462813E6760019798B /* Frameworks */ = {
			isa = PBXFrameworksBuildPhase;
			buildActionMask = 2147483647;
			files = (
			);
			runOnlyForDeploymentPostprocessing = 0;
		};
/* End PBXFrameworksBuildPhase section */

/* Begin PBXGroup section */
		97FACE402813E6760019798B = {
			isa = PBXGroup;
			children = (
				97FACE4B2813E6760019798B /* Recipe_JuneJin */,
				97FACE4A2813E6760019798B /* Products */,
			);
			sourceTree = "<group>";
		};
		97FACE4A2813E6760019798B /* Products */ = {
			isa = PBXGroup;
			children = (
				97FACE492813E6760019798B /* Recipe_JuneJin.app */,
			);
			name = Products;
			sourceTree = "<group>";
		};
		97FACE4B2813E6760019798B /* Recipe_JuneJin */ = {
			isa = PBXGroup;
			children = (
				97FACE622813E7780019798B /* recipetypes.xml */,
				97FACE4C2813E6760019798B /* AppDelegate.swift */,
				97FACE4E2813E6760019798B /* SceneDelegate.swift */,
				97FACE502813E6760019798B /* ViewController.swift */,
				97FACE522813E6760019798B /* Main.storyboard */,
				97FACE552813E6780019798B /* Assets.xcassets */,
				97FACE572813E6780019798B /* LaunchScreen.storyboard */,
				97FACE5A2813E6780019798B /* Info.plist */,
			);
			path = Recipe_JuneJin;
			sourceTree = "<group>";
		};
/* End PBXGroup section */

/* Begin PBXNativeTarget section */
		97FACE482813E6760019798B /* Recipe_JuneJin */ = {
			isa = PBXNativeTarget;
			buildConfigurationList = 97FACE5D2813E6780019798B /* Build configuration list for PBXNativeTarget "Recipe_JuneJin" */;
			buildPhases = (
				97FACE452813E6760019798B /* Sources */,
				97FACE462813E6760019798B /* Frameworks */,
				97FACE472813E6760019798B /* Resources */,
			);
			buildRules = (
			);
			dependencies = (
			);
			name = Recipe_JuneJin;
			productName = Recipe_JuneJin;
			productReference = 97FACE492813E6760019798B /* Recipe_JuneJin.app */;
			productType = "com.apple.product-type.application";
		};
/* End PBXNativeTarget section */

/* Begin PBXProject section */
		97FACE412813E6760019798B /* Project object */ = {
			isa = PBXProject;
			attributes = {
				LastSwiftUpdateCheck = 1250;
				LastUpgradeCheck = 1250;
				TargetAttributes = {
					97FACE482813E6760019798B = {
						CreatedOnToolsVersion = 12.5;
					};
				};
			};
			buildConfigurationList = 97FACE442813E6760019798B /* Build configuration list for PBXProject "Recipe_JuneJin" */;
			compatibilityVersion = "Xcode 9.3";
			developmentRegion = en;
			hasScannedForEncodings = 0;
			knownRegions = (
				en,
				Base,
			);
			mainGroup = 97FACE402813E6760019798B;
			productRefGroup = 97FACE4A2813E6760019798B /* Products */;
			projectDirPath = "";
			projectRoot = "";
			targets = (
				97FACE482813E6760019798B /* Recipe_JuneJin */,
			);
		};
/* End PBXProject section */

/* Begin PBXResourcesBuildPhase section */
		97FACE472813E6760019798B /* Resources */ = {
			isa = PBXResourcesBuildPhase;
			buildActionMask = 2147483647;
			files = (
				97FACE592813E6780019798B /* LaunchScreen.storyboard in Resources */,
				97FACE562813E6780019798B /* Assets.xcassets in Resources */,
				97FACE542813E6760019798B /* Main.storyboard in Resources */,
				97FACE632813E7780019798B /* recipetypes.xml in Resources */,
			);
			runOnlyForDeploymentPostprocessing = 0;
		};
/* End PBXResourcesBuildPhase section */

/* Begin PBXSourcesBuildPhase section */
		97FACE452813E6760019798B /* Sources */ = {
			isa = PBXSourcesBuildPhase;
			buildActionMask = 2147483647;
			files = (
				97FACE512813E6760019798B /* ViewController.swift in Sources */,
				97FACE4D2813E6760019798B /* AppDelegate.swift in Sources */,
				97FACE4F2813E6760019798B /* SceneDelegate.swift in Sources */,
			);
			runOnlyForDeploymentPostprocessing = 0;
		};
/* End PBXSourcesBuildPhase section */

/* Begin PBXVariantGroup section */
		97FACE522813E6760019798B /* Main.storyboard */ = {
			isa = PBXVariantGroup;
			children = (
				97FACE532813E6760019798B /* Base */,
			);
			name = Main.storyboard;
			sourceTree = "<group>";
		};
		97FACE572813E6780019798B /* LaunchScreen.storyboard */ = {
			isa = PBXVariantGroup;
			children = (
				97FACE582813E6780019798B /* Base */,
			);
			name = LaunchScreen.storyboard;
			sourceTree = "<group>";
		};
/* End PBXVariantGroup section */

/* Begin XCBuildConfiguration section */
		97FACE5B2813E6780019798B /* Debug */ = {
			isa = XCBuildConfiguration;
			buildSettings = {
				ALWAYS_SEARCH_USER_PATHS = NO;
				CLANG_ANALYZER_NONNULL = YES;
				CLANG_ANALYZER_NUMBER_OBJECT_CONVERSION = YES_AGGRESSIVE;
				CLANG_CXX_LANGUAGE_STANDARD = "gnu++14";
				CLANG_CXX_LIBRARY = "libc++";
				CLANG_ENABLE_MODULES = YES;
				CLANG_ENABLE_OBJC_ARC = YES;
				CLANG_ENABLE_OBJC_WEAK = YES;
				CLANG_WARN_BLOCK_CAPTURE_AUTORELEASING = YES;
				CLANG_WARN_BOOL_CONVERSION = YES;
				CLANG_WARN_COMMA = YES;
				CLANG_WARN_CONSTANT_CONVERSION = YES;
				CLANG_WARN_DEPRECATED_OBJC_IMPLEMENTATIONS = YES;
				CLANG_WARN_DIRECT_OBJC_ISA_USAGE = YES_ERROR;
				CLANG_WARN_DOCUMENTATION_COMMENTS = YES;
				CLANG_WARN_EMPTY_BODY = YES;
				CLANG_WARN_ENUM_CONVERSION = YES;
				CLANG_WARN_INFINITE_RECURSION = YES;
				CLANG_WARN_INT_CONVERSION = YES;
				CLANG_WARN_NON_LITERAL_NULL_CONVERSION = YES;
				CLANG_WARN_OBJC_IMPLICIT_RETAIN_SELF = YES;
				CLANG_WARN_OBJC_LITERAL_CONVERSION = YES;
				CLANG_WARN_OBJC_ROOT_CLASS = YES_ERROR;
				CLANG_WARN_QUOTED_INCLUDE_IN_FRAMEWORK_HEADER = YES;
				CLANG_WARN_RANGE_LOOP_ANALYSIS = YES;
				CLANG_WARN_STRICT_PROTOTYPES = YES;
				CLANG_WARN_SUSPICIOUS_MOVE = YES;
				CLANG_WARN_UNGUARDED_AVAILABILITY = YES_AGGRESSIVE;
				CLANG_WARN_UNREACHABLE_CODE = YES;
				CLANG_WARN__DUPLICATE_METHOD_MATCH = YES;
				COPY_PHASE_STRIP = NO;
				DEBUG_INFORMATION_FORMAT = dwarf;
				ENABLE_STRICT_OBJC_MSGSEND = YES;
				ENABLE_TESTABILITY = YES;
				GCC_C_LANGUAGE_STANDARD = gnu11;
				GCC_DYNAMIC_NO_PIC = NO;
				GCC_NO_COMMON_BLOCKS = YES;
				GCC_OPTIMIZATION_LEVEL = 0;
				GCC_PREPROCESSOR_DEFINITIONS = (
					"DEBUG=1",
					"$(inherited)",
				);
				GCC_WARN_64_TO_32_BIT_CONVERSION = YES;
				GCC_WARN_ABOUT_RETURN_TYPE = YES_ERROR;
				GCC_WARN_UNDECLARED_SELECTOR = YES;
				GCC_WARN_UNINITIALIZED_AUTOS = YES_AGGRESSIVE;
				GCC_WARN_UNUSED_FUNCTION = YES;
				GCC_WARN_UNUSED_VARIABLE = YES;
				IPHONEOS_DEPLOYMENT_TARGET = 14.5;
				MTL_ENABLE_DEBUG_INFO = INCLUDE_SOURCE;
				MTL_FAST_MATH = YES;
				ONLY_ACTIVE_ARCH = YES;
				SDKROOT = iphoneos;
				SWIFT_ACTIVE_COMPILATION_CONDITIONS = DEBUG;
				SWIFT_OPTIMIZATION_LEVEL = "-Onone";
			};
			name = Debug;
		};
		97FACE5C2813E6780019798B /* Release */ = {
			isa = XCBuildConfiguration;
			buildSettings = {
				ALWAYS_SEARCH_USER_PATHS = NO;
				CLANG_ANALYZER_NONNULL = YES;
				CLANG_ANALYZER_NUMBER_OBJECT_CONVERSION = YES_AGGRESSIVE;
				CLANG_CXX_LANGUAGE_STANDARD = "gnu++14";
				CLANG_CXX_LIBRARY = "libc++";
				CLANG_ENABLE_MODULES = YES;
				CLANG_ENABLE_OBJC_ARC = YES;
				CLANG_ENABLE_OBJC_WEAK = YES;
				CLANG_WARN_BLOCK_CAPTURE_AUTORELEASING = YES;
				CLANG_WARN_BOOL_CONVERSION = YES;
				CLANG_WARN_COMMA = YES;
				CLANG_WARN_CONSTANT_CONVERSION = YES;
				CLANG_WARN_DEPRECATED_OBJC_IMPLEMENTATIONS = YES;
				CLANG_WARN_DIRECT_OBJC_ISA_USAGE = YES_ERROR;
				CLANG_WARN_DOCUMENTATION_COMMENTS = YES;
				CLANG_WARN_EMPTY_BODY = YES;
				CLANG_WARN_ENUM_CONVERSION = YES;
				CLANG_WARN_INFINITE_RECURSION = YES;
				CLANG_WARN_INT_CONVERSION = YES;
				CLANG_WARN_NON_LITERAL_NULL_CONVERSION = YES;
				CLANG_WARN_OBJC_IMPLICIT_RETAIN_SELF = YES;
				CLANG_WARN_OBJC_LITERAL_CONVERSION = YES;
				CLANG_WARN_OBJC_ROOT_CLASS = YES_ERROR;
				CLANG_WARN_QUOTED_INCLUDE_IN_FRAMEWORK_HEADER = YES;
				CLANG_WARN_RANGE_LOOP_ANALYSIS = YES;
				CLANG_WARN_STRICT_PROTOTYPES = YES;
				CLANG_WARN_SUSPICIOUS_MOVE = YES;
				CLANG_WARN_UNGUARDED_AVAILABILITY = YES_AGGRESSIVE;
				CLANG_WARN_UNREACHABLE_CODE = YES;
				CLANG_WARN__DUPLICATE_METHOD_MATCH = YES;
				COPY_PHASE_STRIP = NO;
				DEBUG_INFORMATION_FORMAT = "dwarf-with-dsym";
				ENABLE_NS_ASSERTIONS = NO;
				ENABLE_STRICT_OBJC_MSGSEND = YES;
				GCC_C_LANGUAGE_STANDARD = gnu11;
				GCC_NO_COMMON_BLOCKS = YES;
				GCC_WARN_64_TO_32_BIT_CONVERSION = YES;
				GCC_WARN_ABOUT_RETURN_TYPE = YES_ERROR;
				GCC_WARN_UNDECLARED_SELECTOR = YES;
				GCC_WARN_UNINITIALIZED_AUTOS = YES_AGGRESSIVE;
				GCC_WARN_UNUSED_FUNCTION = YES;
				GCC_WARN_UNUSED_VARIABLE = YES;
				IPHONEOS_DEPLOYMENT_TARGET = 14.5;
				MTL_ENABLE_DEBUG_INFO = NO;
				MTL_FAST_MATH = YES;
				SDKROOT = iphoneos;
				SWIFT_COMPILATION_MODE = wholemodule;
				SWIFT_OPTIMIZATION_LEVEL = "-O";
				VALIDATE_PRODUCT = YES;
			};
			name = Release;
		};
		97FACE5E2813E6780019798B /* Debug */ = {
			isa = XCBuildConfiguration;
			buildSettings = {
				ASSETCATALOG_COMPILER_APPICON_NAME = AppIcon;
				ASSETCATALOG_COMPILER_GLOBAL_ACCENT_COLOR_NAME = AccentColor;
				CODE_SIGN_STYLE = Automatic;
				INFOPLIST_FILE = Recipe_JuneJin/Info.plist;
				LD_RUNPATH_SEARCH_PATHS = (
					"$(inherited)",
					"@executable_path/Frameworks",
				);
				PRODUCT_BUNDLE_IDENTIFIER = "com.Recipe-JuneJin.Recipe-JuneJin";
				PRODUCT_NAME = "$(TARGET_NAME)";
				SWIFT_VERSION = 5.0;
				TARGETED_DEVICE_FAMILY = "1,2";
			};
			name = Debug;
		};
		97FACE5F2813E6780019798B /* Release */ = {
			isa = XCBuildConfiguration;
			buildSettings = {
				ASSETCATALOG_COMPILER_APPICON_NAME = AppIcon;
				ASSETCATALOG_COMPILER_GLOBAL_ACCENT_COLOR_NAME = AccentColor;
				CODE_SIGN_STYLE = Automatic;
				INFOPLIST_FILE = Recipe_JuneJin/Info.plist;
				LD_RUNPATH_SEARCH_PATHS = (
					"$(inherited)",
					"@executable_path/Frameworks",
				);
				PRODUCT_BUNDLE_IDENTIFIER = "com.Recipe-JuneJin.Recipe-JuneJin";
				PRODUCT_NAME = "$(TARGET_NAME)";
				SWIFT_VERSION = 5.0;
				TARGETED_DEVICE_FAMILY = "1,2";
			};
			name = Release;
		};
/* End XCBuildConfiguration section */

/* Begin XCConfigurationList section */
		97FACE442813E6760019798B /* Build configuration list for PBXProject "Recipe_JuneJin" */ = {
			isa = XCConfigurationList;
			buildConfigurations = (
				97FACE5B2813E6780019798B /* Debug */,
				97FACE5C2813E6780019798B /* Release */,
			);
			defaultConfigurationIsVisible = 0;
			defaultConfigurationName = Release;
		};
		97FACE5D2813E6780019798B /* Build configuration list for PBXNativeTarget "Recipe_JuneJin" */ = {
			isa = XCConfigurationList;
			buildConfigurations = (
				97FACE5E2813E6780019798B /* Debug */,
				97FACE5F2813E6780019798B /* Release */,
			);
			defaultConfigurationIsVisible = 0;
			defaultConfigurationName = Release;
		};
/* End XCConfigurationList section */
	};
	rootObject = 97FACE412813E6760019798B /* Project object */;
}
